
Microsoft Visual Studio Solution File, Format Version 12.00
#
Project("{2150E333-8FDC-42A3-9474-1A3956D46DE8}") = "demo-v1", "demo-v1", "{C6D2A66E-1AB0-48DC-AA26-47579E2069CE}"
EndProject
Project("{2150E333-8FDC-42A3-9474-1A3956D46DE8}") = "library", "library", "{43446F05-6DEE-4EA7-AF81-A865BF739C08}"
	ProjectSection(SolutionItems) = preProject
		src\library\Directory.Build.props = src\library\Directory.Build.props
	EndProjectSection
EndProject
Project("{2150E333-8FDC-42A3-9474-1A3956D46DE8}") = "tests", "tests", "{E4D768EA-BAB7-4CF8-9189-4BC93AD46D14}"
	ProjectSection(SolutionItems) = preProject
		src\tests\Directory.Build.props = src\tests\Directory.Build.props
	EndProjectSection
EndProject
Project("{2150E333-8FDC-42A3-9474-1A3956D46DE8}") = "templates", "templates", "{1EC9F5E6-B714-43F9-9A67-4A21E7A1E17B}"
	ProjectSection(SolutionItems) = preProject
		src\templates\Directory.Build.props = src\templates\Directory.Build.props
	EndProjectSection
EndProject
Project("{2150E333-8FDC-42A3-9474-1A3956D46DE8}") = "tools", "tools", "{75F08130-C72B-4D4D-AB9B-2C1235E192D9}"
	ProjectSection(SolutionItems) = preProject
		src\tools\Directory.Build.props = src\tools\Directory.Build.props
	EndProjectSection
EndProject
Project("{FAE04EC0-301F-11D3-BF4B-00C04F79EFBC}") = "Ninjadog.Generators", "src\library\Ninjadog.Generators\Ninjadog.Generators.csproj", "{364DE927-78B5-42EA-92AB-6BA6C8AE58E3}"
EndProject
Project("{FAE04EC0-301F-11D3-BF4B-00C04F79EFBC}") = "DemoApi", "src\demo\DemoApi\DemoApi.csproj", "{F67A5393-23E8-468A-BF08-BE3E8808035D}"
EndProject
Project("{FAE04EC0-301F-11D3-BF4B-00C04F79EFBC}") = "Ninjadog.Tests", "src\tests\Ninjadog.Tests\Ninjadog.Tests.csproj", "{8A41D0FD-254D-4684-BC68-E33591C835FA}"
EndProject
Project("{FAE04EC0-301F-11D3-BF4B-00C04F79EFBC}") = "Ninjadog.Attributes", "src\library\Ninjadog.Attributes\Ninjadog.Attributes.csproj", "{E3DC25F7-B594-4909-8EEB-1108F1438885}"
EndProject
Project("{FAE04EC0-301F-11D3-BF4B-00C04F79EFBC}") = "DemoWebsite", "src\demo\DemoWebsite\DemoWebsite.csproj", "{58EB49CE-6844-452C-AB03-40B8F0ACE6EC}"
EndProject
Project("{FAE04EC0-301F-11D3-BF4B-00C04F79EFBC}") = "Ninjadog.Settings", "src\library\Ninjadog.Settings\Ninjadog.Settings.csproj", "{4B1C50BD-3A9C-4608-9947-5EDFED1DD2EA}"
EndProject
Project("{FAE04EC0-301F-11D3-BF4B-00C04F79EFBC}") = "Ninjadog.Templates.CrudWebApi", "src\templates\Ninjadog.Templates.CrudWebApi\Ninjadog.Templates.CrudWebApi.csproj", "{2C116F61-5FA0-4EC8-8110-90BD0647AFC8}"
EndProject
Project("{FAE04EC0-301F-11D3-BF4B-00C04F79EFBC}") = "Ninjadog.CLI", "src\tools\Ninjadog.CLI\Ninjadog.CLI.csproj", "{646B1371-C292-4B14-89DA-E13356E5076E}"
EndProject
Project("{FAE04EC0-301F-11D3-BF4B-00C04F79EFBC}") = "Ninjadog.Engine", "src\library\Ninjadog.Engine\Ninjadog.Engine.csproj", "{BCB1B9D5-911C-4116-A089-C8B4386FDC1A}"
EndProject
Project("{FAE04EC0-301F-11D3-BF4B-00C04F79EFBC}") = "Ninjadog.Helpers", "src\library\Ninjadog.Helpers\Ninjadog.Helpers.csproj", "{0A3FA893-9DC0-460A-8A6A-997C53272D8D}"
EndProject
Project("{FAE04EC0-301F-11D3-BF4B-00C04F79EFBC}") = "Ninjadog.Settings.Extensions", "src\library\Ninjadog.Settings.Extensions\Ninjadog.Settings.Extensions.csproj", "{2D05F953-80D2-4E8B-9850-E434840EE9F8}"
EndProject
Project("{FAE04EC0-301F-11D3-BF4B-00C04F79EFBC}") = "Ninjadog.Engine.Core", "src\library\Ninjadog.Engine.Core\Ninjadog.Engine.Core.csproj", "{74998673-75BA-4F89-8453-FBF71D589DAB}"
EndProject
Project("{FAE04EC0-301F-11D3-BF4B-00C04F79EFBC}") = "Ninjadog.Engine.Infrastructure", "src\library\Ninjadog.Engine.Infrastructure\Ninjadog.Engine.Infrastructure.csproj", "{860DD52A-1133-4F15-9D23-DD336657C7A9}"
EndProject
Global
	GlobalSection(SolutionConfigurationPlatforms) = preSolution
		Debug|Any CPU = Debug|Any CPU
		Release|Any CPU = Release|Any CPU
	EndGlobalSection
	GlobalSection(ProjectConfigurationPlatforms) = postSolution
		{364DE927-78B5-42EA-92AB-6BA6C8AE58E3}.Debug|Any CPU.ActiveCfg = Debug|Any CPU
		{364DE927-78B5-42EA-92AB-6BA6C8AE58E3}.Debug|Any CPU.Build.0 = Debug|Any CPU
		{364DE927-78B5-42EA-92AB-6BA6C8AE58E3}.Release|Any CPU.ActiveCfg = Release|Any CPU
		{364DE927-78B5-42EA-92AB-6BA6C8AE58E3}.Release|Any CPU.Build.0 = Release|Any CPU
		{F67A5393-23E8-468A-BF08-BE3E8808035D}.Debug|Any CPU.ActiveCfg = Debug|Any CPU
		{F67A5393-23E8-468A-BF08-BE3E8808035D}.Debug|Any CPU.Build.0 = Debug|Any CPU
		{F67A5393-23E8-468A-BF08-BE3E8808035D}.Release|Any CPU.ActiveCfg = Release|Any CPU
		{F67A5393-23E8-468A-BF08-BE3E8808035D}.Release|Any CPU.Build.0 = Release|Any CPU
		{8A41D0FD-254D-4684-BC68-E33591C835FA}.Debug|Any CPU.ActiveCfg = Debug|Any CPU
		{8A41D0FD-254D-4684-BC68-E33591C835FA}.Debug|Any CPU.Build.0 = Debug|Any CPU
		{8A41D0FD-254D-4684-BC68-E33591C835FA}.Release|Any CPU.ActiveCfg = Release|Any CPU
		{8A41D0FD-254D-4684-BC68-E33591C835FA}.Release|Any CPU.Build.0 = Release|Any CPU
		{E3DC25F7-B594-4909-8EEB-1108F1438885}.Debug|Any CPU.ActiveCfg = Debug|Any CPU
		{E3DC25F7-B594-4909-8EEB-1108F1438885}.Debug|Any CPU.Build.0 = Debug|Any CPU
		{E3DC25F7-B594-4909-8EEB-1108F1438885}.Release|Any CPU.ActiveCfg = Release|Any CPU
		{E3DC25F7-B594-4909-8EEB-1108F1438885}.Release|Any CPU.Build.0 = Release|Any CPU
		{58EB49CE-6844-452C-AB03-40B8F0ACE6EC}.Debug|Any CPU.ActiveCfg = Debug|Any CPU
		{58EB49CE-6844-452C-AB03-40B8F0ACE6EC}.Debug|Any CPU.Build.0 = Debug|Any CPU
		{58EB49CE-6844-452C-AB03-40B8F0ACE6EC}.Release|Any CPU.ActiveCfg = Release|Any CPU
		{58EB49CE-6844-452C-AB03-40B8F0ACE6EC}.Release|Any CPU.Build.0 = Release|Any CPU
		{4B1C50BD-3A9C-4608-9947-5EDFED1DD2EA}.Debug|Any CPU.ActiveCfg = Debug|Any CPU
		{4B1C50BD-3A9C-4608-9947-5EDFED1DD2EA}.Debug|Any CPU.Build.0 = Debug|Any CPU
		{4B1C50BD-3A9C-4608-9947-5EDFED1DD2EA}.Release|Any CPU.ActiveCfg = Release|Any CPU
		{4B1C50BD-3A9C-4608-9947-5EDFED1DD2EA}.Release|Any CPU.Build.0 = Release|Any CPU
		{2C116F61-5FA0-4EC8-8110-90BD0647AFC8}.Debug|Any CPU.ActiveCfg = Debug|Any CPU
		{2C116F61-5FA0-4EC8-8110-90BD0647AFC8}.Debug|Any CPU.Build.0 = Debug|Any CPU
		{2C116F61-5FA0-4EC8-8110-90BD0647AFC8}.Release|Any CPU.ActiveCfg = Release|Any CPU
		{2C116F61-5FA0-4EC8-8110-90BD0647AFC8}.Release|Any CPU.Build.0 = Release|Any CPU
		{646B1371-C292-4B14-89DA-E13356E5076E}.Debug|Any CPU.ActiveCfg = Debug|Any CPU
		{646B1371-C292-4B14-89DA-E13356E5076E}.Debug|Any CPU.Build.0 = Debug|Any CPU
		{646B1371-C292-4B14-89DA-E13356E5076E}.Release|Any CPU.ActiveCfg = Release|Any CPU
		{646B1371-C292-4B14-89DA-E13356E5076E}.Release|Any CPU.Build.0 = Release|Any CPU
		{BCB1B9D5-911C-4116-A089-C8B4386FDC1A}.Debug|Any CPU.ActiveCfg = Debug|Any CPU
		{BCB1B9D5-911C-4116-A089-C8B4386FDC1A}.Debug|Any CPU.Build.0 = Debug|Any CPU
		{BCB1B9D5-911C-4116-A089-C8B4386FDC1A}.Release|Any CPU.ActiveCfg = Release|Any CPU
		{BCB1B9D5-911C-4116-A089-C8B4386FDC1A}.Release|Any CPU.Build.0 = Release|Any CPU
		{0A3FA893-9DC0-460A-8A6A-997C53272D8D}.Debug|Any CPU.ActiveCfg = Debug|Any CPU
		{0A3FA893-9DC0-460A-8A6A-997C53272D8D}.Debug|Any CPU.Build.0 = Debug|Any CPU
		{0A3FA893-9DC0-460A-8A6A-997C53272D8D}.Release|Any CPU.ActiveCfg = Release|Any CPU
		{0A3FA893-9DC0-460A-8A6A-997C53272D8D}.Release|Any CPU.Build.0 = Release|Any CPU
		{2D05F953-80D2-4E8B-9850-E434840EE9F8}.Debug|Any CPU.ActiveCfg = Debug|Any CPU
		{2D05F953-80D2-4E8B-9850-E434840EE9F8}.Debug|Any CPU.Build.0 = Debug|Any CPU
		{2D05F953-80D2-4E8B-9850-E434840EE9F8}.Release|Any CPU.ActiveCfg = Release|Any CPU
		{2D05F953-80D2-4E8B-9850-E434840EE9F8}.Release|Any CPU.Build.0 = Release|Any CPU
		{74998673-75BA-4F89-8453-FBF71D589DAB}.Debug|Any CPU.ActiveCfg = Debug|Any CPU
		{74998673-75BA-4F89-8453-FBF71D589DAB}.Debug|Any CPU.Build.0 = Debug|Any CPU
		{74998673-75BA-4F89-8453-FBF71D589DAB}.Release|Any CPU.ActiveCfg = Release|Any CPU
		{74998673-75BA-4F89-8453-FBF71D589DAB}.Release|Any CPU.Build.0 = Release|Any CPU
		{860DD52A-1133-4F15-9D23-DD336657C7A9}.Debug|Any CPU.ActiveCfg = Debug|Any CPU
		{860DD52A-1133-4F15-9D23-DD336657C7A9}.Debug|Any CPU.Build.0 = Debug|Any CPU
		{860DD52A-1133-4F15-9D23-DD336657C7A9}.Release|Any CPU.ActiveCfg = Release|Any CPU
		{860DD52A-1133-4F15-9D23-DD336657C7A9}.Release|Any CPU.Build.0 = Release|Any CPU
	EndGlobalSection
	GlobalSection(NestedProjects) = preSolution
		{8A41D0FD-254D-4684-BC68-E33591C835FA} = {E4D768EA-BAB7-4CF8-9189-4BC93AD46D14}
		{F67A5393-23E8-468A-BF08-BE3E8808035D} = {C6D2A66E-1AB0-48DC-AA26-47579E2069CE}
		{58EB49CE-6844-452C-AB03-40B8F0ACE6EC} = {C6D2A66E-1AB0-48DC-AA26-47579E2069CE}
		{4B1C50BD-3A9C-4608-9947-5EDFED1DD2EA} = {43446F05-6DEE-4EA7-AF81-A865BF739C08}
		{2C116F61-5FA0-4EC8-8110-90BD0647AFC8} = {1EC9F5E6-B714-43F9-9A67-4A21E7A1E17B}
		{646B1371-C292-4B14-89DA-E13356E5076E} = {75F08130-C72B-4D4D-AB9B-2C1235E192D9}
		{BCB1B9D5-911C-4116-A089-C8B4386FDC1A} = {43446F05-6DEE-4EA7-AF81-A865BF739C08}
		{0A3FA893-9DC0-460A-8A6A-997C53272D8D} = {43446F05-6DEE-4EA7-AF81-A865BF739C08}
		{2D05F953-80D2-4E8B-9850-E434840EE9F8} = {43446F05-6DEE-4EA7-AF81-A865BF739C08}
		{364DE927-78B5-42EA-92AB-6BA6C8AE58E3} = {C6D2A66E-1AB0-48DC-AA26-47579E2069CE}
		{E3DC25F7-B594-4909-8EEB-1108F1438885} = {C6D2A66E-1AB0-48DC-AA26-47579E2069CE}
		{74998673-75BA-4F89-8453-FBF71D589DAB} = {43446F05-6DEE-4EA7-AF81-A865BF739C08}
		{860DD52A-1133-4F15-9D23-DD336657C7A9} = {43446F05-6DEE-4EA7-AF81-A865BF739C08}
	EndGlobalSection
EndGlobal
