
Microsoft Visual Studio Solution File, Format Version 12.00
#
Project("{2150E333-8FDC-42A3-9474-1A3956D46DE8}") = "src", "src", "{3E8365A4-D9A5-4C5C-B0A2-03294F3C01A5}"
EndProject
Project("{FAE04EC0-301F-11D3-BF4B-00C04F79EFBC}") = "Ninjadog", "src\library\Ninjadog\Ninjadog.csproj", "{364DE927-78B5-42EA-92AB-6BA6C8AE58E3}"
EndProject
Project("{FAE04EC0-301F-11D3-BF4B-00C04F79EFBC}") = "DemoApi", "src\demo\DemoApi\DemoApi.csproj", "{F67A5393-23E8-468A-BF08-BE3E8808035D}"
EndProject
Project("{2150E333-8FDC-42A3-9474-1A3956D46DE8}") = "tests", "tests", "{E4D768EA-BAB7-4CF8-9189-4BC93AD46D14}"
EndProject
Project("{FAE04EC0-301F-11D3-BF4B-00C04F79EFBC}") = "Ninjadog.Tests", "tests\Ninjadog.Tests\Ninjadog.Tests.csproj", "{8A41D0FD-254D-4684-BC68-E33591C835FA}"
EndProject
Project("{FAE04EC0-301F-11D3-BF4B-00C04F79EFBC}") = "Ninjadog.Attributes", "src\library\Ninjadog.Attributes\Ninjadog.Attributes.csproj", "{E3DC25F7-B594-4909-8EEB-1108F1438885}"
EndProject
Project("{FAE04EC0-301F-11D3-BF4B-00C04F79EFBC}") = "DemoWebsite", "src\demo\DemoWebsite\DemoWebsite.csproj", "{58EB49CE-6844-452C-AB03-40B8F0ACE6EC}"
EndProject
Project("{2150E333-8FDC-42A3-9474-1A3956D46DE8}") = "demo", "demo", "{C6D2A66E-1AB0-48DC-AA26-47579E2069CE}"
EndProject
Project("{2150E333-8FDC-42A3-9474-1A3956D46DE8}") = "library", "library", "{43446F05-6DEE-4EA7-AF81-A865BF739C08}"
EndProject
Global
	GlobalSection(SolutionConfigurationPlatforms) = preSolution
		Debug|Any CPU = Debug|Any CPU
		Release|Any CPU = Release|Any CPU
	EndGlobalSection
	GlobalSection(ProjectConfigurationPlatforms) = postSolution
		{364DE927-78B5-42EA-92AB-6BA6C8AE58E3}.Debug|Any CPU.ActiveCfg = Debug|Any CPU
		{364DE927-78B5-42EA-92AB-6BA6C8AE58E3}.Debug|Any CPU.Build.0 = Debug|Any CPU
		{364DE927-78B5-42EA-92AB-6BA6C8AE58E3}.Release|Any CPU.ActiveCfg = Release|Any CPU
		{364DE927-78B5-42EA-92AB-6BA6C8AE58E3}.Release|Any CPU.Build.0 = Release|Any CPU
		{F67A5393-23E8-468A-BF08-BE3E8808035D}.Debug|Any CPU.ActiveCfg = Debug|Any CPU
		{F67A5393-23E8-468A-BF08-BE3E8808035D}.Debug|Any CPU.Build.0 = Debug|Any CPU
		{F67A5393-23E8-468A-BF08-BE3E8808035D}.Release|Any CPU.ActiveCfg = Release|Any CPU
		{F67A5393-23E8-468A-BF08-BE3E8808035D}.Release|Any CPU.Build.0 = Release|Any CPU
		{8A41D0FD-254D-4684-BC68-E33591C835FA}.Debug|Any CPU.ActiveCfg = Debug|Any CPU
		{8A41D0FD-254D-4684-BC68-E33591C835FA}.Debug|Any CPU.Build.0 = Debug|Any CPU
		{8A41D0FD-254D-4684-BC68-E33591C835FA}.Release|Any CPU.ActiveCfg = Release|Any CPU
		{8A41D0FD-254D-4684-BC68-E33591C835FA}.Release|Any CPU.Build.0 = Release|Any CPU
		{E3DC25F7-B594-4909-8EEB-1108F1438885}.Debug|Any CPU.ActiveCfg = Debug|Any CPU
		{E3DC25F7-B594-4909-8EEB-1108F1438885}.Debug|Any CPU.Build.0 = Debug|Any CPU
		{E3DC25F7-B594-4909-8EEB-1108F1438885}.Release|Any CPU.ActiveCfg = Release|Any CPU
		{E3DC25F7-B594-4909-8EEB-1108F1438885}.Release|Any CPU.Build.0 = Release|Any CPU
		{58EB49CE-6844-452C-AB03-40B8F0ACE6EC}.Debug|Any CPU.ActiveCfg = Debug|Any CPU
		{58EB49CE-6844-452C-AB03-40B8F0ACE6EC}.Debug|Any CPU.Build.0 = Debug|Any CPU
		{58EB49CE-6844-452C-AB03-40B8F0ACE6EC}.Release|Any CPU.ActiveCfg = Release|Any CPU
		{58EB49CE-6844-452C-AB03-40B8F0ACE6EC}.Release|Any CPU.Build.0 = Release|Any CPU
	EndGlobalSection
	GlobalSection(NestedProjects) = preSolution
		{8A41D0FD-254D-4684-BC68-E33591C835FA} = {E4D768EA-BAB7-4CF8-9189-4BC93AD46D14}
		{C6D2A66E-1AB0-48DC-AA26-47579E2069CE} = {3E8365A4-D9A5-4C5C-B0A2-03294F3C01A5}
		{43446F05-6DEE-4EA7-AF81-A865BF739C08} = {3E8365A4-D9A5-4C5C-B0A2-03294F3C01A5}
		{F67A5393-23E8-468A-BF08-BE3E8808035D} = {C6D2A66E-1AB0-48DC-AA26-47579E2069CE}
		{58EB49CE-6844-452C-AB03-40B8F0ACE6EC} = {C6D2A66E-1AB0-48DC-AA26-47579E2069CE}
		{364DE927-78B5-42EA-92AB-6BA6C8AE58E3} = {43446F05-6DEE-4EA7-AF81-A865BF739C08}
		{E3DC25F7-B594-4909-8EEB-1108F1438885} = {43446F05-6DEE-4EA7-AF81-A865BF739C08}
	EndGlobalSection
EndGlobal
